
Microsoft Visual Studio Solution File, Format Version 12.00
# Visual Studio Version 17
VisualStudioVersion = 17.12.35728.132
MinimumVisualStudioVersion = 10.0.40219.1
Project("{FAE04EC0-301F-11D3-BF4B-00C04F79EFBC}") = "TombolaDevTechTest", "TombolaDevTechTest\TombolaDevTechTest.csproj", "{30A7634D-47D2-49D1-8B2B-B2B16EC0D92F}"
EndProject
Project("{FAE04EC0-301F-11D3-BF4B-00C04F79EFBC}") = "TombolaDevTechTest.Test", "TombolaDevTechTest.Test\TombolaDevTechTest.Test.csproj", "{5A197553-D7EB-4157-8A86-6AECA69BD4CC}"
EndProject
Global
	GlobalSection(SolutionConfigurationPlatforms) = preSolution
		Debug|Any CPU = Debug|Any CPU
		Release|Any CPU = Release|Any CPU
	EndGlobalSection
	GlobalSection(ProjectConfigurationPlatforms) = postSolution
		{30A7634D-47D2-49D1-8B2B-B2B16EC0D92F}.Debug|Any CPU.ActiveCfg = Debug|Any CPU
		{30A7634D-47D2-49D1-8B2B-B2B16EC0D92F}.Debug|Any CPU.Build.0 = Debug|Any CPU
		{30A7634D-47D2-49D1-8B2B-B2B16EC0D92F}.Release|Any CPU.ActiveCfg = Release|Any CPU
		{30A7634D-47D2-49D1-8B2B-B2B16EC0D92F}.Release|Any CPU.Build.0 = Release|Any CPU
		{5A197553-D7EB-4157-8A86-6AECA69BD4CC}.Debug|Any CPU.ActiveCfg = Debug|Any CPU
		{5A197553-D7EB-4157-8A86-6AECA69BD4CC}.Debug|Any CPU.Build.0 = Debug|Any CPU
		{5A197553-D7EB-4157-8A86-6AECA69BD4CC}.Release|Any CPU.ActiveCfg = Release|Any CPU
		{5A197553-D7EB-4157-8A86-6AECA69BD4CC}.Release|Any CPU.Build.0 = Release|Any CPU
	EndGlobalSection
	GlobalSection(SolutionProperties) = preSolution
		HideSolutionNode = FALSE
	EndGlobalSection
EndGlobal
