
Microsoft Visual Studio Solution File, Format Version 12.00
# Visual Studio Version 17
VisualStudioVersion = 17.12.35728.132
MinimumVisualStudioVersion = 10.0.40219.1
Project("{FAE04EC0-301F-11D3-BF4B-00C04F79EFBC}") = "TombolaDevTechTest", "TombolaDevTechTest.csproj", "{99DEF5B7-8DA4-491A-97C4-E4EDA8E19256}"
EndProject
Project("{FAE04EC0-301F-11D3-BF4B-00C04F79EFBC}") = "TombolaDevTechTest.Test", "..\TombolaDevTechTest.Test\TombolaDevTechTest.Test.csproj", "{14E178C1-2B1B-4BB5-8FAC-29F044D3F97A}"
EndProject
Global
	GlobalSection(SolutionConfigurationPlatforms) = preSolution
		Debug|Any CPU = Debug|Any CPU
		Release|Any CPU = Release|Any CPU
	EndGlobalSection
	GlobalSection(ProjectConfigurationPlatforms) = postSolution
		{99DEF5B7-8DA4-491A-97C4-E4EDA8E19256}.Debug|Any CPU.ActiveCfg = Debug|Any CPU
		{99DEF5B7-8DA4-491A-97C4-E4EDA8E19256}.Debug|Any CPU.Build.0 = Debug|Any CPU
		{99DEF5B7-8DA4-491A-97C4-E4EDA8E19256}.Release|Any CPU.ActiveCfg = Release|Any CPU
		{99DEF5B7-8DA4-491A-97C4-E4EDA8E19256}.Release|Any CPU.Build.0 = Release|Any CPU
		{14E178C1-2B1B-4BB5-8FAC-29F044D3F97A}.Debug|Any CPU.ActiveCfg = Debug|Any CPU
		{14E178C1-2B1B-4BB5-8FAC-29F044D3F97A}.Debug|Any CPU.Build.0 = Debug|Any CPU
		{14E178C1-2B1B-4BB5-8FAC-29F044D3F97A}.Release|Any CPU.ActiveCfg = Release|Any CPU
		{14E178C1-2B1B-4BB5-8FAC-29F044D3F97A}.Release|Any CPU.Build.0 = Release|Any CPU
	EndGlobalSection
	GlobalSection(SolutionProperties) = preSolution
		HideSolutionNode = FALSE
	EndGlobalSection
EndGlobal
